
Microsoft Visual Studio Solution File, Format Version 12.00
# Visual Studio Version 17
VisualStudioVersion = 17.5.002.0
MinimumVisualStudioVersion = 10.0.40219.1
Project("{9A19103F-16F7-4668-BE54-9A1E7A4F7556}") = "DesafioPOO", "DesafioPOO.csproj", "{664A5B87-C80A-4F45-A00D-62D62AD2F521}"
EndProject
Global
	GlobalSection(SolutionConfigurationPlatforms) = preSolution
		Debug|Any CPU = Debug|Any CPU
		Release|Any CPU = Release|Any CPU
	EndGlobalSection
	GlobalSection(ProjectConfigurationPlatforms) = postSolution
		{664A5B87-C80A-4F45-A00D-62D62AD2F521}.Debug|Any CPU.ActiveCfg = Debug|Any CPU
		{664A5B87-C80A-4F45-A00D-62D62AD2F521}.Debug|Any CPU.Build.0 = Debug|Any CPU
		{664A5B87-C80A-4F45-A00D-62D62AD2F521}.Release|Any CPU.ActiveCfg = Release|Any CPU
		{664A5B87-C80A-4F45-A00D-62D62AD2F521}.Release|Any CPU.Build.0 = Release|Any CPU
	EndGlobalSection
	GlobalSection(SolutionProperties) = preSolution
		HideSolutionNode = FALSE
	EndGlobalSection
	GlobalSection(ExtensibilityGlobals) = postSolution
		SolutionGuid = {7D301BD0-52E9-4345-96AF-21C870954A59}
	EndGlobalSection
EndGlobal
